
Microsoft Visual Studio Solution File, Format Version 12.00
# Visual Studio 15
VisualStudioVersion = 15.0.28010.2050
MinimumVisualStudioVersion = 10.0.40219.1
Project("{FAE04EC0-301F-11D3-BF4B-00C04F79EFBC}") = "FiveActionFiltersDemo", "FiveActionFiltersDemo\FiveActionFiltersDemo.csproj", "{486ACE24-E68C-4D40-A02E-8ACFDA2485CD}"
EndProject
Global
	GlobalSection(SolutionConfigurationPlatforms) = preSolution
		Debug|Any CPU = Debug|Any CPU
		Release|Any CPU = Release|Any CPU
	EndGlobalSection
	GlobalSection(ProjectConfigurationPlatforms) = postSolution
		{486ACE24-E68C-4D40-A02E-8ACFDA2485CD}.Debug|Any CPU.ActiveCfg = Debug|Any CPU
		{486ACE24-E68C-4D40-A02E-8ACFDA2485CD}.Debug|Any CPU.Build.0 = Debug|Any CPU
		{486ACE24-E68C-4D40-A02E-8ACFDA2485CD}.Release|Any CPU.ActiveCfg = Release|Any CPU
		{486ACE24-E68C-4D40-A02E-8ACFDA2485CD}.Release|Any CPU.Build.0 = Release|Any CPU
	EndGlobalSection
	GlobalSection(SolutionProperties) = preSolution
		HideSolutionNode = FALSE
	EndGlobalSection
	GlobalSection(ExtensibilityGlobals) = postSolution
		SolutionGuid = {113F27D1-0A47-4650-8D20-FEC5A74F4CA0}
	EndGlobalSection
EndGlobal
